STORAGE: NONE
RESTRICTION: == net10.0
NUGET
  remote: https://api.nuget.org/v3/index.json
    Fake.Core.CommandLineParsing (6.1.4)
      FParsec (>= 1.1.1)
      FSharp.Core (>= 8.0.400)
    Fake.Core.Context (6.1.4)
      FSharp.Core (>= 8.0.400)
    Fake.Core.Environment (6.1.4)
      FSharp.Core (>= 8.0.400)
    Fake.Core.FakeVar (6.1.4)
      Fake.Core.Context (>= 6.1.4)
      FSharp.Core (>= 8.0.400)
    Fake.Core.Process (5.23.1)
      Fake.Core.Environment (>= 5.23.1)
      Fake.Core.FakeVar (>= 5.23.1)
      Fake.Core.String (>= 5.23.1)
      Fake.Core.Trace (>= 5.23.1)
      Fake.IO.FileSystem (>= 5.23.1)
      FSharp.Core (>= 6.0)
      System.Collections.Immutable (>= 5.0)
    Fake.Core.String (6.1.4)
      FSharp.Core (>= 8.0.400)
    Fake.Core.Target (5.23.1)
      Fake.Core.CommandLineParsing (>= 5.23.1)
      Fake.Core.Context (>= 5.23.1)
      Fake.Core.Environment (>= 5.23.1)
      Fake.Core.FakeVar (>= 5.23.1)
      Fake.Core.Process (>= 5.23.1)
      Fake.Core.String (>= 5.23.1)
      Fake.Core.Trace (>= 5.23.1)
      FSharp.Control.Reactive (>= 5.0.2)
      FSharp.Core (>= 6.0)
    Fake.Core.Trace (6.1.4)
      Fake.Core.Environment (>= 6.1.4)
      Fake.Core.FakeVar (>= 6.1.4)
      FSharp.Core (>= 8.0.400)
    Fake.IO.FileSystem (5.23.1)
      Fake.Core.String (>= 5.23.1)
      FSharp.Core (>= 6.0)
    Farmer (1.9.27)
      FSharp.Core (>= 5.0)
      System.Text.Json (>= 5.0)
    Flurl (4.0)
    Flurl.Http (4.0.2)
      Flurl (>= 4.0)
    FParsec (1.1.1)
      FSharp.Core (>= 4.3.4)
    FSharp.Control.Reactive (6.1.2)
      FSharp.Core (>= 6.0.7)
      System.Reactive (>= 6.0.1)
    FSharp.Control.Websockets (0.2.3)
      FSharp.Core (>= 6.0)
      Microsoft.IO.RecyclableMemoryStream (>= 2.2.1)
    FSharp.Core (10.1.401)
    Giraffe (6.3)
      FSharp.Core (>= 6.0)
      Giraffe.ViewEngine (>= 1.4)
      Microsoft.IO.RecyclableMemoryStream (>= 2.2.1)
      Newtonsoft.Json (>= 13.0.3)
      System.Text.Json (>= 7.0.4)
    Giraffe.ViewEngine (1.4)
      FSharp.Core (>= 5.0)
    Microsoft.AspNetCore.Authentication.JwtBearer (10.0.12)
      Microsoft.IdentityModel.Protocols.OpenIdConnect (>= 8.19.2)
    Microsoft.Bcl.Cryptography (10.0.12)
    Microsoft.Extensions.DependencyInjection.Abstractions (10.0.12)
    Microsoft.Extensions.Logging.Abstractions (10.0.12)
      Microsoft.Extensions.DependencyInjection.Abstractions (>= 10.0.12)
    Microsoft.IdentityModel.Abstractions (8.22)
    Microsoft.IdentityModel.JsonWebTokens (8.22)
      Microsoft.IdentityModel.Tokens (>= 8.22)
    Microsoft.IdentityModel.Logging (8.22)
      Microsoft.IdentityModel.Abstractions (>= 8.22)
    Microsoft.IdentityModel.Protocols (8.22)
      Microsoft.IdentityModel.Tokens (>= 8.22)
    Microsoft.IdentityModel.Protocols.OpenIdConnect (8.22)
      Microsoft.IdentityModel.Protocols (>= 8.22)
      System.IdentityModel.Tokens.Jwt (>= 8.22)
    Microsoft.IdentityModel.Tokens (8.22)
      Microsoft.Bcl.Cryptography (>= 10.0.2)
      Microsoft.Extensions.Logging.Abstractions (>= 8.0)
      Microsoft.IdentityModel.Logging (>= 8.22)
    Microsoft.IO.RecyclableMemoryStream (2.3.2)
    Newtonsoft.Json (13.0.4)
    Saturn (0.16.1)
      FSharp.Control.Websockets (>= 0.2.2)
      Giraffe (>= 6.0)
      Microsoft.AspNetCore.Authentication.JwtBearer (>= 6.0.3)
    System.Collections.Immutable (10.0.12)
    System.IdentityModel.Tokens.Jwt (8.22)
      Microsoft.IdentityModel.JsonWebTokens (>= 8.22)
      Microsoft.IdentityModel.Tokens (>= 8.22)
    System.Reactive (7.0)
    System.Text.Json (10.0.12)
