STORAGE: NONE
RESTRICTION: == net8.0
NUGET
  remote: https://api.nuget.org/v3/index.json
    Azure.Core (1.36)
      Microsoft.Bcl.AsyncInterfaces (>= 1.1.1)
      System.Diagnostics.DiagnosticSource (>= 6.0.1)
      System.Memory.Data (>= 1.0.2)
      System.Numerics.Vectors (>= 4.5)
      System.Text.Encodings.Web (>= 4.7.2)
      System.Text.Json (>= 4.7.2)
      System.Threading.Tasks.Extensions (>= 4.5.4)
    Azure.Identity (1.10.4)
      Azure.Core (>= 1.36)
      Microsoft.Identity.Client (>= 4.56)
      Microsoft.Identity.Client.Extensions.Msal (>= 4.56)
      System.Memory (>= 4.5.4)
      System.Security.Cryptography.ProtectedData (>= 4.7)
      System.Text.Json (>= 4.7.2)
      System.Threading.Tasks.Extensions (>= 4.5.4)
    Azure.Storage.Blobs (12.19.1)
      Azure.Storage.Common (>= 12.18.1)
      System.Text.Json (>= 4.7.2)
    Azure.Storage.Common (12.18.1)
      Azure.Core (>= 1.36)
      System.IO.Hashing (>= 6.0)
    Dapper (2.1.28)
    Fake.Core.CommandLineParsing (6.0)
      FParsec (>= 1.1.1)
      FSharp.Core (>= 6.0.3)
    Fake.Core.Context (6.0)
      FSharp.Core (>= 6.0.3)
    Fake.Core.Environment (6.0)
      FSharp.Core (>= 6.0.3)
    Fake.Core.FakeVar (6.0)
      Fake.Core.Context (>= 6.0)
      FSharp.Core (>= 6.0.3)
    Fake.Core.Process (5.23.1)
      Fake.Core.Environment (>= 5.23.1)
      Fake.Core.FakeVar (>= 5.23.1)
      Fake.Core.String (>= 5.23.1)
      Fake.Core.Trace (>= 5.23.1)
      Fake.IO.FileSystem (>= 5.23.1)
      FSharp.Core (>= 6.0)
      System.Collections.Immutable (>= 5.0)
    Fake.Core.String (6.0)
      FSharp.Core (>= 6.0.3)
    Fake.Core.Target (5.23.1)
      Fake.Core.CommandLineParsing (>= 5.23.1)
      Fake.Core.Context (>= 5.23.1)
      Fake.Core.Environment (>= 5.23.1)
      Fake.Core.FakeVar (>= 5.23.1)
      Fake.Core.Process (>= 5.23.1)
      Fake.Core.String (>= 5.23.1)
      Fake.Core.Trace (>= 5.23.1)
      FSharp.Control.Reactive (>= 5.0.2)
      FSharp.Core (>= 6.0)
    Fake.Core.Trace (6.0)
      Fake.Core.Environment (>= 6.0)
      Fake.Core.FakeVar (>= 6.0)
      FSharp.Core (>= 6.0.3)
    Fake.IO.FileSystem (5.23.1)
      Fake.Core.String (>= 5.23.1)
      FSharp.Core (>= 6.0)
    Farmer (1.8.3)
      FSharp.Core (>= 5.0)
      System.Text.Json (>= 5.0)
    FirebirdSql.Data.FirebirdClient (10.0)
    FluentMigrator (5.1)
      FluentMigrator.Abstractions (>= 5.1)
      Microsoft.Extensions.DependencyInjection (>= 8.0)
      Microsoft.Extensions.Options (>= 8.0)
    FluentMigrator.Abstractions (5.1)
      System.ComponentModel.Annotations (>= 5.0)
      System.ValueTuple (>= 4.5)
    FluentMigrator.Extensions.MySql (5.1)
      FluentMigrator.Abstractions (>= 5.1)
    FluentMigrator.Extensions.Oracle (5.1)
      FluentMigrator.Abstractions (>= 5.1)
    FluentMigrator.Extensions.Postgres (5.1)
      FluentMigrator.Abstractions (>= 5.1)
    FluentMigrator.Extensions.Snowflake (5.1)
      FluentMigrator.Abstractions (>= 5.1)
    FluentMigrator.Extensions.SqlServer (5.1)
      FluentMigrator.Abstractions (>= 5.1)
    FluentMigrator.Runner (5.1)
      FluentMigrator.Runner.Core (>= 5.1)
      FluentMigrator.Runner.Db2 (>= 5.1)
      FluentMigrator.Runner.Firebird (>= 5.1)
      FluentMigrator.Runner.Hana (>= 5.1)
      FluentMigrator.Runner.MySql (>= 5.1)
      FluentMigrator.Runner.Oracle (>= 5.1)
      FluentMigrator.Runner.Postgres (>= 5.1)
      FluentMigrator.Runner.Redshift (>= 5.1)
      FluentMigrator.Runner.Snowflake (>= 5.1)
      FluentMigrator.Runner.SQLite (>= 5.1)
      FluentMigrator.Runner.SqlServer (>= 5.1)
      Microsoft.Extensions.Configuration.Abstractions (>= 8.0)
    FluentMigrator.Runner.Core (5.1)
      FluentMigrator (>= 5.1)
      FluentMigrator.Abstractions (>= 5.1)
      Microsoft.Extensions.Configuration.Abstractions (>= 8.0)
      Microsoft.Extensions.DependencyInjection (>= 8.0)
      Microsoft.Extensions.Logging (>= 8.0)
      Microsoft.Extensions.Options (>= 8.0)
    FluentMigrator.Runner.Db2 (5.1)
      FluentMigrator (>= 5.1)
      FluentMigrator.Runner.Core (>= 5.1)
    FluentMigrator.Runner.Firebird (5.1)
      FirebirdSql.Data.FirebirdClient (>= 10.0)
      FluentMigrator (>= 5.1)
      FluentMigrator.Runner.Core (>= 5.1)
      Microsoft.Extensions.Options (>= 8.0)
    FluentMigrator.Runner.Hana (5.1)
      FluentMigrator (>= 5.1)
      FluentMigrator.Runner.Core (>= 5.1)
    FluentMigrator.Runner.MySql (5.1)
      FluentMigrator (>= 5.1)
      FluentMigrator.Extensions.MySql (>= 5.1)
      FluentMigrator.Runner.Core (>= 5.1)
    FluentMigrator.Runner.Oracle (5.1)
      FluentMigrator (>= 5.1)
      FluentMigrator.Extensions.Oracle (>= 5.1)
      FluentMigrator.Runner.Core (>= 5.1)
    FluentMigrator.Runner.Postgres (5.1)
      FluentMigrator (>= 5.1)
      FluentMigrator.Extensions.Postgres (>= 5.1)
      FluentMigrator.Runner.Core (>= 5.1)
    FluentMigrator.Runner.Redshift (5.1)
      FluentMigrator (>= 5.1)
      FluentMigrator.Runner.Core (>= 5.1)
    FluentMigrator.Runner.Snowflake (5.1)
      FluentMigrator.Extensions.Snowflake (>= 5.1)
      FluentMigrator.Runner.Core (>= 5.1)
    FluentMigrator.Runner.SQLite (5.1)
      FluentMigrator (>= 5.1)
      FluentMigrator.Runner.Core (>= 5.1)
    FluentMigrator.Runner.SqlServer (5.1)
      FluentMigrator (>= 5.1)
      FluentMigrator.Extensions.SqlServer (>= 5.1)
      FluentMigrator.Runner.Core (>= 5.1)
      Microsoft.Data.SqlClient (>= 5.1.4)
    flurl (4.0)
    Flurl.Http (4.0.1)
      flurl (>= 4.0)
    FParsec (1.1.1)
      FSharp.Core (>= 4.3.4)
    FSharp.Control.Reactive (5.0.5)
      FSharp.Core (>= 4.7.2)
      System.Reactive (>= 5.0 < 6.0)
    FSharp.Control.Websockets (0.2.3)
      FSharp.Core (>= 6.0)
      Microsoft.IO.RecyclableMemoryStream (>= 2.2.1)
    FSharp.Core (8.0.200)
    Giraffe (6.2)
      FSharp.Core (>= 6.0)
      Giraffe.ViewEngine (>= 1.4)
      Microsoft.IO.RecyclableMemoryStream (>= 2.2.1)
      Newtonsoft.Json (>= 13.0.3)
      System.Text.Json (>= 7.0.3)
    Giraffe.ViewEngine (1.4)
      FSharp.Core (>= 5.0)
    Microsoft.AspNetCore.Authentication.JwtBearer (8.0.1)
      Microsoft.IdentityModel.Protocols.OpenIdConnect (>= 7.1.2)
    Microsoft.Bcl.AsyncInterfaces (8.0)
    Microsoft.Data.SqlClient (5.1.5)
      Azure.Identity (>= 1.10.3)
      Microsoft.Data.SqlClient.SNI.runtime (>= 5.1.1)
      Microsoft.Identity.Client (>= 4.56)
      Microsoft.IdentityModel.JsonWebTokens (>= 6.35)
      Microsoft.IdentityModel.Protocols.OpenIdConnect (>= 6.35)
      Microsoft.SqlServer.Server (>= 1.0)
      System.Configuration.ConfigurationManager (>= 6.0.1)
      System.Diagnostics.DiagnosticSource (>= 6.0.1)
      System.Runtime.Caching (>= 6.0)
      System.Security.Cryptography.Cng (>= 5.0)
      System.Security.Principal.Windows (>= 5.0)
      System.Text.Encoding.CodePages (>= 6.0)
      System.Text.Encodings.Web (>= 6.0)
    Microsoft.Data.SqlClient.SNI.runtime (5.2)
    Microsoft.Data.Sqlite (8.0.2)
      Microsoft.Data.Sqlite.Core (>= 8.0.2)
      SQLitePCLRaw.bundle_e_sqlite3 (>= 2.1.6)
    Microsoft.Data.Sqlite.Core (8.0.2)
      SQLitePCLRaw.core (>= 2.1.6)
    Microsoft.Extensions.Configuration.Abstractions (8.0)
      Microsoft.Extensions.Primitives (>= 8.0)
    Microsoft.Extensions.DependencyInjection (8.0)
      Microsoft.Extensions.DependencyInjection.Abstractions (>= 8.0)
    Microsoft.Extensions.DependencyInjection.Abstractions (8.0)
    Microsoft.Extensions.Logging (8.0)
      Microsoft.Extensions.DependencyInjection (>= 8.0)
      Microsoft.Extensions.Logging.Abstractions (>= 8.0)
      Microsoft.Extensions.Options (>= 8.0)
    Microsoft.Extensions.Logging.Abstractions (8.0)
      Microsoft.Extensions.DependencyInjection.Abstractions (>= 8.0)
    Microsoft.Extensions.Options (8.0.2)
      Microsoft.Extensions.DependencyInjection.Abstractions (>= 8.0)
      Microsoft.Extensions.Primitives (>= 8.0)
    Microsoft.Extensions.Primitives (8.0)
    Microsoft.Identity.Client (4.59)
      Microsoft.IdentityModel.Abstractions (>= 6.22)
      System.Diagnostics.DiagnosticSource (>= 6.0.1)
    Microsoft.Identity.Client.Extensions.Msal (4.59)
      Microsoft.Identity.Client (>= 4.59)
      System.IO.FileSystem.AccessControl (>= 5.0)
      System.Security.Cryptography.ProtectedData (>= 4.5)
    Microsoft.IdentityModel.Abstractions (7.1.2)
    Microsoft.IdentityModel.JsonWebTokens (7.1.2)
      Microsoft.IdentityModel.Tokens (>= 7.1.2)
    Microsoft.IdentityModel.Logging (7.1.2)
      Microsoft.IdentityModel.Abstractions (>= 7.1.2)
    Microsoft.IdentityModel.Protocols (7.1.2)
      Microsoft.IdentityModel.Logging (>= 7.1.2)
      Microsoft.IdentityModel.Tokens (>= 7.1.2)
    Microsoft.IdentityModel.Protocols.OpenIdConnect (7.1.2)
      Microsoft.IdentityModel.Protocols (>= 7.1.2)
      System.IdentityModel.Tokens.Jwt (>= 7.1.2)
    Microsoft.IdentityModel.Tokens (7.1.2)
      Microsoft.IdentityModel.Logging (>= 7.1.2)
    Microsoft.IO.RecyclableMemoryStream (2.3.2)
    Microsoft.SqlServer.Server (1.0)
    Newtonsoft.Json (13.0.3)
    Saturn (0.16.1)
      FSharp.Control.Websockets (>= 0.2.2)
      Giraffe (>= 6.0)
      Microsoft.AspNetCore.Authentication.JwtBearer (>= 6.0.3)
    SQLitePCLRaw.bundle_e_sqlite3 (2.1.8)
      SQLitePCLRaw.lib.e_sqlite3 (>= 2.1.8)
      SQLitePCLRaw.provider.e_sqlite3 (>= 2.1.8)
    SQLitePCLRaw.core (2.1.8)
      System.Memory (>= 4.5.3)
    SQLitePCLRaw.lib.e_sqlite3 (2.1.8)
    SQLitePCLRaw.provider.e_sqlite3 (2.1.8)
      SQLitePCLRaw.core (>= 2.1.8)
    System.Collections.Immutable (8.0)
    System.ComponentModel.Annotations (5.0)
    System.Configuration.ConfigurationManager (8.0)
      System.Diagnostics.EventLog (>= 8.0)
      System.Security.Cryptography.ProtectedData (>= 8.0)
    System.Diagnostics.DiagnosticSource (8.0)
    System.Diagnostics.EventLog (8.0)
    System.Formats.Asn1 (8.0)
    System.IdentityModel.Tokens.Jwt (7.1.2)
      Microsoft.IdentityModel.JsonWebTokens (>= 7.1.2)
      Microsoft.IdentityModel.Tokens (>= 7.1.2)
    System.IO.FileSystem.AccessControl (5.0)
      System.Security.AccessControl (>= 5.0)
      System.Security.Principal.Windows (>= 5.0)
    System.IO.Hashing (8.0)
    System.Memory (4.5.5)
    System.Memory.Data (8.0)
      System.Text.Json (>= 8.0)
    System.Numerics.Vectors (4.5)
    System.Reactive (5.0)
    System.Runtime.Caching (8.0)
      System.Configuration.ConfigurationManager (>= 8.0)
    System.Security.AccessControl (6.0)
    System.Security.Cryptography.Cng (5.0)
      System.Formats.Asn1 (>= 5.0)
    System.Security.Cryptography.ProtectedData (8.0)
    System.Security.Principal.Windows (5.0)
    System.Text.Encoding.CodePages (8.0)
    System.Text.Encodings.Web (8.0)
    System.Text.Json (8.0.1)
      System.Text.Encodings.Web (>= 8.0)
    System.Threading.Tasks.Extensions (4.5.4)
    System.ValueTuple (4.5)
